
Microsoft Visual Studio Solution File, Format Version 12.00
# Visual Studio Version 17
VisualStudioVersion = 17.7.34221.43
MinimumVisualStudioVersion = 10.0.40219.1
Project("{FAE04EC0-301F-11D3-BF4B-00C04F79EFBC}") = "Client", "Client\Client.csproj", "{5B8E657F-BAB0-43B7-A4CF-40553628EE4E}"
EndProject
Project("{FAE04EC0-301F-11D3-BF4B-00C04F79EFBC}") = "Server", "Server\Server.csproj", "{1A502B75-7695-4694-B342-72FB6238E64A}"
EndProject
Project("{FAE04EC0-301F-11D3-BF4B-00C04F79EFBC}") = "TestSQLConnection", "TestSQLConnection\TestSQLConnection.csproj", "{2EAB3E7C-1C8F-4302-AEB2-C95267C2AA4D}"
EndProject
Global
	GlobalSection(SolutionConfigurationPlatforms) = preSolution
		Debug|Any CPU = Debug|Any CPU
		Release|Any CPU = Release|Any CPU
	EndGlobalSection
	GlobalSection(ProjectConfigurationPlatforms) = postSolution
		{5B8E657F-BAB0-43B7-A4CF-40553628EE4E}.Debug|Any CPU.ActiveCfg = Debug|Any CPU
		{5B8E657F-BAB0-43B7-A4CF-40553628EE4E}.Debug|Any CPU.Build.0 = Debug|Any CPU
		{5B8E657F-BAB0-43B7-A4CF-40553628EE4E}.Release|Any CPU.ActiveCfg = Release|Any CPU
		{5B8E657F-BAB0-43B7-A4CF-40553628EE4E}.Release|Any CPU.Build.0 = Release|Any CPU
		{1A502B75-7695-4694-B342-72FB6238E64A}.Debug|Any CPU.ActiveCfg = Debug|Any CPU
		{1A502B75-7695-4694-B342-72FB6238E64A}.Debug|Any CPU.Build.0 = Debug|Any CPU
		{1A502B75-7695-4694-B342-72FB6238E64A}.Release|Any CPU.ActiveCfg = Release|Any CPU
		{1A502B75-7695-4694-B342-72FB6238E64A}.Release|Any CPU.Build.0 = Release|Any CPU
		{2EAB3E7C-1C8F-4302-AEB2-C95267C2AA4D}.Debug|Any CPU.ActiveCfg = Debug|Any CPU
		{2EAB3E7C-1C8F-4302-AEB2-C95267C2AA4D}.Debug|Any CPU.Build.0 = Debug|Any CPU
		{2EAB3E7C-1C8F-4302-AEB2-C95267C2AA4D}.Release|Any CPU.ActiveCfg = Release|Any CPU
		{2EAB3E7C-1C8F-4302-AEB2-C95267C2AA4D}.Release|Any CPU.Build.0 = Release|Any CPU
	EndGlobalSection
	GlobalSection(SolutionProperties) = preSolution
		HideSolutionNode = FALSE
	EndGlobalSection
	GlobalSection(ExtensibilityGlobals) = postSolution
		SolutionGuid = {BA5474C2-2FE0-49AA-93D4-44DCB682DACA}
	EndGlobalSection
EndGlobal
